
Microsoft Visual Studio Solution File, Format Version 12.00
# Visual Studio Version 16
VisualStudioVersion = 16.0.29911.84
MinimumVisualStudioVersion = 10.0.40219.1
Project("{FAE04EC0-301F-11D3-BF4B-00C04F79EFBC}") = "MinoxBeard.UWP", "MinoxBeard\MinoxBeard.UWP\MinoxBeard.UWP.csproj", "{D7A563FB-52E5-4E9D-9B1E-8E937A702BC3}"
EndProject
Project("{FAE04EC0-301F-11D3-BF4B-00C04F79EFBC}") = "MinoxBeard.Android", "MinoxBeard\MinoxBeard.Android\MinoxBeard.Android.csproj", "{FC884485-23BC-405B-8BF2-0B5B2D25A025}"
EndProject
Project("{FAE04EC0-301F-11D3-BF4B-00C04F79EFBC}") = "MinoxBeard.iOS", "MinoxBeard\MinoxBeard.iOS\MinoxBeard.iOS.csproj", "{EC750B98-1B44-44B1-BDB5-66FF230035DE}"
EndProject
Project("{9A19103F-16F7-4668-BE54-9A1E7A4F7556}") = "MinoxBeard", "MinoxBeard\MinoxBeard\MinoxBeard.csproj", "{ECE1677E-A092-434F-9CDF-2007F83DAB4D}"
EndProject
Global
	GlobalSection(SolutionConfigurationPlatforms) = preSolution
		Debug|Any CPU = Debug|Any CPU
		Debug|ARM = Debug|ARM
		Debug|iPhone = Debug|iPhone
		Debug|iPhoneSimulator = Debug|iPhoneSimulator
		Debug|x64 = Debug|x64
		Debug|x86 = Debug|x86
		Release|Any CPU = Release|Any CPU
		Release|ARM = Release|ARM
		Release|iPhone = Release|iPhone
		Release|iPhoneSimulator = Release|iPhoneSimulator
		Release|x64 = Release|x64
		Release|x86 = Release|x86
	EndGlobalSection
	GlobalSection(ProjectConfigurationPlatforms) = postSolution
		{D7A563FB-52E5-4E9D-9B1E-8E937A702BC3}.Debug|Any CPU.ActiveCfg = Debug|x86
		{D7A563FB-52E5-4E9D-9B1E-8E937A702BC3}.Debug|Any CPU.Build.0 = Debug|x86
		{D7A563FB-52E5-4E9D-9B1E-8E937A702BC3}.Debug|Any CPU.Deploy.0 = Debug|x86
		{D7A563FB-52E5-4E9D-9B1E-8E937A702BC3}.Debug|ARM.ActiveCfg = Debug|ARM
		{D7A563FB-52E5-4E9D-9B1E-8E937A702BC3}.Debug|ARM.Build.0 = Debug|ARM
		{D7A563FB-52E5-4E9D-9B1E-8E937A702BC3}.Debug|ARM.Deploy.0 = Debug|ARM
		{D7A563FB-52E5-4E9D-9B1E-8E937A702BC3}.Debug|iPhone.ActiveCfg = Debug|x86
		{D7A563FB-52E5-4E9D-9B1E-8E937A702BC3}.Debug|iPhone.Build.0 = Debug|x86
		{D7A563FB-52E5-4E9D-9B1E-8E937A702BC3}.Debug|iPhone.Deploy.0 = Debug|x86
		{D7A563FB-52E5-4E9D-9B1E-8E937A702BC3}.Debug|iPhoneSimulator.ActiveCfg = Debug|x86
		{D7A563FB-52E5-4E9D-9B1E-8E937A702BC3}.Debug|iPhoneSimulator.Build.0 = Debug|x86
		{D7A563FB-52E5-4E9D-9B1E-8E937A702BC3}.Debug|iPhoneSimulator.Deploy.0 = Debug|x86
		{D7A563FB-52E5-4E9D-9B1E-8E937A702BC3}.Debug|x64.ActiveCfg = Debug|x64
		{D7A563FB-52E5-4E9D-9B1E-8E937A702BC3}.Debug|x64.Build.0 = Debug|x64
		{D7A563FB-52E5-4E9D-9B1E-8E937A702BC3}.Debug|x64.Deploy.0 = Debug|x64
		{D7A563FB-52E5-4E9D-9B1E-8E937A702BC3}.Debug|x86.ActiveCfg = Debug|x86
		{D7A563FB-52E5-4E9D-9B1E-8E937A702BC3}.Debug|x86.Build.0 = Debug|x86
		{D7A563FB-52E5-4E9D-9B1E-8E937A702BC3}.Debug|x86.Deploy.0 = Debug|x86
		{D7A563FB-52E5-4E9D-9B1E-8E937A702BC3}.Release|Any CPU.ActiveCfg = Release|x86
		{D7A563FB-52E5-4E9D-9B1E-8E937A702BC3}.Release|Any CPU.Build.0 = Release|x86
		{D7A563FB-52E5-4E9D-9B1E-8E937A702BC3}.Release|Any CPU.Deploy.0 = Release|x86
		{D7A563FB-52E5-4E9D-9B1E-8E937A702BC3}.Release|ARM.ActiveCfg = Release|ARM
		{D7A563FB-52E5-4E9D-9B1E-8E937A702BC3}.Release|ARM.Build.0 = Release|ARM
		{D7A563FB-52E5-4E9D-9B1E-8E937A702BC3}.Release|ARM.Deploy.0 = Release|ARM
		{D7A563FB-52E5-4E9D-9B1E-8E937A702BC3}.Release|iPhone.ActiveCfg = Release|x86
		{D7A563FB-52E5-4E9D-9B1E-8E937A702BC3}.Release|iPhone.Build.0 = Release|x86
		{D7A563FB-52E5-4E9D-9B1E-8E937A702BC3}.Release|iPhone.Deploy.0 = Release|x86
		{D7A563FB-52E5-4E9D-9B1E-8E937A702BC3}.Release|iPhoneSimulator.ActiveCfg = Release|x86
		{D7A563FB-52E5-4E9D-9B1E-8E937A702BC3}.Release|iPhoneSimulator.Build.0 = Release|x86
		{D7A563FB-52E5-4E9D-9B1E-8E937A702BC3}.Release|iPhoneSimulator.Deploy.0 = Release|x86
		{D7A563FB-52E5-4E9D-9B1E-8E937A702BC3}.Release|x64.ActiveCfg = Release|x64
		{D7A563FB-52E5-4E9D-9B1E-8E937A702BC3}.Release|x64.Build.0 = Release|x64
		{D7A563FB-52E5-4E9D-9B1E-8E937A702BC3}.Release|x64.Deploy.0 = Release|x64
		{D7A563FB-52E5-4E9D-9B1E-8E937A702BC3}.Release|x86.ActiveCfg = Release|x86
		{D7A563FB-52E5-4E9D-9B1E-8E937A702BC3}.Release|x86.Build.0 = Release|x86
		{D7A563FB-52E5-4E9D-9B1E-8E937A702BC3}.Release|x86.Deploy.0 = Release|x86
		{FC884485-23BC-405B-8BF2-0B5B2D25A025}.Debug|Any CPU.ActiveCfg = Debug|Any CPU
		{FC884485-23BC-405B-8BF2-0B5B2D25A025}.Debug|Any CPU.Build.0 = Debug|Any CPU
		{FC884485-23BC-405B-8BF2-0B5B2D25A025}.Debug|Any CPU.Deploy.0 = Debug|Any CPU
		{FC884485-23BC-405B-8BF2-0B5B2D25A025}.Debug|ARM.ActiveCfg = Debug|Any CPU
		{FC884485-23BC-405B-8BF2-0B5B2D25A025}.Debug|ARM.Build.0 = Debug|Any CPU
		{FC884485-23BC-405B-8BF2-0B5B2D25A025}.Debug|ARM.Deploy.0 = Debug|Any CPU
		{FC884485-23BC-405B-8BF2-0B5B2D25A025}.Debug|iPhone.ActiveCfg = Debug|Any CPU
		{FC884485-23BC-405B-8BF2-0B5B2D25A025}.Debug|iPhone.Build.0 = Debug|Any CPU
		{FC884485-23BC-405B-8BF2-0B5B2D25A025}.Debug|iPhone.Deploy.0 = Debug|Any CPU
		{FC884485-23BC-405B-8BF2-0B5B2D25A025}.Debug|iPhoneSimulator.ActiveCfg = Debug|Any CPU
		{FC884485-23BC-405B-8BF2-0B5B2D25A025}.Debug|iPhoneSimulator.Build.0 = Debug|Any CPU
		{FC884485-23BC-405B-8BF2-0B5B2D25A025}.Debug|iPhoneSimulator.Deploy.0 = Debug|Any CPU
		{FC884485-23BC-405B-8BF2-0B5B2D25A025}.Debug|x64.ActiveCfg = Debug|Any CPU
		{FC884485-23BC-405B-8BF2-0B5B2D25A025}.Debug|x64.Build.0 = Debug|Any CPU
		{FC884485-23BC-405B-8BF2-0B5B2D25A025}.Debug|x64.Deploy.0 = Debug|Any CPU
		{FC884485-23BC-405B-8BF2-0B5B2D25A025}.Debug|x86.ActiveCfg = Debug|Any CPU
		{FC884485-23BC-405B-8BF2-0B5B2D25A025}.Debug|x86.Build.0 = Debug|Any CPU
		{FC884485-23BC-405B-8BF2-0B5B2D25A025}.Debug|x86.Deploy.0 = Debug|Any CPU
		{FC884485-23BC-405B-8BF2-0B5B2D25A025}.Release|Any CPU.ActiveCfg = Release|Any CPU
		{FC884485-23BC-405B-8BF2-0B5B2D25A025}.Release|Any CPU.Build.0 = Release|Any CPU
		{FC884485-23BC-405B-8BF2-0B5B2D25A025}.Release|Any CPU.Deploy.0 = Release|Any CPU
		{FC884485-23BC-405B-8BF2-0B5B2D25A025}.Release|ARM.ActiveCfg = Release|Any CPU
		{FC884485-23BC-405B-8BF2-0B5B2D25A025}.Release|ARM.Build.0 = Release|Any CPU
		{FC884485-23BC-405B-8BF2-0B5B2D25A025}.Release|ARM.Deploy.0 = Release|Any CPU
		{FC884485-23BC-405B-8BF2-0B5B2D25A025}.Release|iPhone.ActiveCfg = Release|Any CPU
		{FC884485-23BC-405B-8BF2-0B5B2D25A025}.Release|iPhone.Build.0 = Release|Any CPU
		{FC884485-23BC-405B-8BF2-0B5B2D25A025}.Release|iPhone.Deploy.0 = Release|Any CPU
		{FC884485-23BC-405B-8BF2-0B5B2D25A025}.Release|iPhoneSimulator.ActiveCfg = Release|Any CPU
		{FC884485-23BC-405B-8BF2-0B5B2D25A025}.Release|iPhoneSimulator.Build.0 = Release|Any CPU
		{FC884485-23BC-405B-8BF2-0B5B2D25A025}.Release|iPhoneSimulator.Deploy.0 = Release|Any CPU
		{FC884485-23BC-405B-8BF2-0B5B2D25A025}.Release|x64.ActiveCfg = Release|Any CPU
		{FC884485-23BC-405B-8BF2-0B5B2D25A025}.Release|x64.Build.0 = Release|Any CPU
		{FC884485-23BC-405B-8BF2-0B5B2D25A025}.Release|x64.Deploy.0 = Release|Any CPU
		{FC884485-23BC-405B-8BF2-0B5B2D25A025}.Release|x86.ActiveCfg = Release|Any CPU
		{FC884485-23BC-405B-8BF2-0B5B2D25A025}.Release|x86.Build.0 = Release|Any CPU
		{FC884485-23BC-405B-8BF2-0B5B2D25A025}.Release|x86.Deploy.0 = Release|Any CPU
		{EC750B98-1B44-44B1-BDB5-66FF230035DE}.Debug|Any CPU.ActiveCfg = Debug|iPhone
		{EC750B98-1B44-44B1-BDB5-66FF230035DE}.Debug|Any CPU.Build.0 = Debug|iPhone
		{EC750B98-1B44-44B1-BDB5-66FF230035DE}.Debug|Any CPU.Deploy.0 = Debug|iPhone
		{EC750B98-1B44-44B1-BDB5-66FF230035DE}.Debug|ARM.ActiveCfg = Debug|iPhone
		{EC750B98-1B44-44B1-BDB5-66FF230035DE}.Debug|ARM.Build.0 = Debug|iPhone
		{EC750B98-1B44-44B1-BDB5-66FF230035DE}.Debug|ARM.Deploy.0 = Debug|iPhone
		{EC750B98-1B44-44B1-BDB5-66FF230035DE}.Debug|iPhone.ActiveCfg = Debug|iPhone
		{EC750B98-1B44-44B1-BDB5-66FF230035DE}.Debug|iPhone.Build.0 = Debug|iPhone
		{EC750B98-1B44-44B1-BDB5-66FF230035DE}.Debug|iPhone.Deploy.0 = Debug|iPhone
		{EC750B98-1B44-44B1-BDB5-66FF230035DE}.Debug|iPhoneSimulator.ActiveCfg = Debug|iPhoneSimulator
		{EC750B98-1B44-44B1-BDB5-66FF230035DE}.Debug|iPhoneSimulator.Build.0 = Debug|iPhoneSimulator
		{EC750B98-1B44-44B1-BDB5-66FF230035DE}.Debug|iPhoneSimulator.Deploy.0 = Debug|iPhoneSimulator
		{EC750B98-1B44-44B1-BDB5-66FF230035DE}.Debug|x64.ActiveCfg = Debug|iPhone
		{EC750B98-1B44-44B1-BDB5-66FF230035DE}.Debug|x64.Build.0 = Debug|iPhone
		{EC750B98-1B44-44B1-BDB5-66FF230035DE}.Debug|x64.Deploy.0 = Debug|iPhone
		{EC750B98-1B44-44B1-BDB5-66FF230035DE}.Debug|x86.ActiveCfg = Debug|iPhone
		{EC750B98-1B44-44B1-BDB5-66FF230035DE}.Debug|x86.Build.0 = Debug|iPhone
		{EC750B98-1B44-44B1-BDB5-66FF230035DE}.Debug|x86.Deploy.0 = Debug|iPhone
		{EC750B98-1B44-44B1-BDB5-66FF230035DE}.Release|Any CPU.ActiveCfg = Release|iPhone
		{EC750B98-1B44-44B1-BDB5-66FF230035DE}.Release|Any CPU.Build.0 = Release|iPhone
		{EC750B98-1B44-44B1-BDB5-66FF230035DE}.Release|Any CPU.Deploy.0 = Release|iPhone
		{EC750B98-1B44-44B1-BDB5-66FF230035DE}.Release|ARM.ActiveCfg = Release|iPhone
		{EC750B98-1B44-44B1-BDB5-66FF230035DE}.Release|ARM.Build.0 = Release|iPhone
		{EC750B98-1B44-44B1-BDB5-66FF230035DE}.Release|ARM.Deploy.0 = Release|iPhone
		{EC750B98-1B44-44B1-BDB5-66FF230035DE}.Release|iPhone.ActiveCfg = Release|iPhone
		{EC750B98-1B44-44B1-BDB5-66FF230035DE}.Release|iPhone.Build.0 = Release|iPhone
		{EC750B98-1B44-44B1-BDB5-66FF230035DE}.Release|iPhone.Deploy.0 = Release|iPhone
		{EC750B98-1B44-44B1-BDB5-66FF230035DE}.Release|iPhoneSimulator.ActiveCfg = Release|iPhoneSimulator
		{EC750B98-1B44-44B1-BDB5-66FF230035DE}.Release|iPhoneSimulator.Build.0 = Release|iPhoneSimulator
		{EC750B98-1B44-44B1-BDB5-66FF230035DE}.Release|iPhoneSimulator.Deploy.0 = Release|iPhoneSimulator
		{EC750B98-1B44-44B1-BDB5-66FF230035DE}.Release|x64.ActiveCfg = Release|iPhone
		{EC750B98-1B44-44B1-BDB5-66FF230035DE}.Release|x64.Build.0 = Release|iPhone
		{EC750B98-1B44-44B1-BDB5-66FF230035DE}.Release|x64.Deploy.0 = Release|iPhone
		{EC750B98-1B44-44B1-BDB5-66FF230035DE}.Release|x86.ActiveCfg = Release|iPhone
		{EC750B98-1B44-44B1-BDB5-66FF230035DE}.Release|x86.Build.0 = Release|iPhone
		{EC750B98-1B44-44B1-BDB5-66FF230035DE}.Release|x86.Deploy.0 = Release|iPhone
		{ECE1677E-A092-434F-9CDF-2007F83DAB4D}.Debug|Any CPU.ActiveCfg = Debug|Any CPU
		{ECE1677E-A092-434F-9CDF-2007F83DAB4D}.Debug|Any CPU.Build.0 = Debug|Any CPU
		{ECE1677E-A092-434F-9CDF-2007F83DAB4D}.Debug|Any CPU.Deploy.0 = Debug|Any CPU
		{ECE1677E-A092-434F-9CDF-2007F83DAB4D}.Debug|ARM.ActiveCfg = Debug|Any CPU
		{ECE1677E-A092-434F-9CDF-2007F83DAB4D}.Debug|ARM.Build.0 = Debug|Any CPU
		{ECE1677E-A092-434F-9CDF-2007F83DAB4D}.Debug|ARM.Deploy.0 = Debug|Any CPU
		{ECE1677E-A092-434F-9CDF-2007F83DAB4D}.Debug|iPhone.ActiveCfg = Debug|Any CPU
		{ECE1677E-A092-434F-9CDF-2007F83DAB4D}.Debug|iPhone.Build.0 = Debug|Any CPU
		{ECE1677E-A092-434F-9CDF-2007F83DAB4D}.Debug|iPhone.Deploy.0 = Debug|Any CPU
		{ECE1677E-A092-434F-9CDF-2007F83DAB4D}.Debug|iPhoneSimulator.ActiveCfg = Debug|Any CPU
		{ECE1677E-A092-434F-9CDF-2007F83DAB4D}.Debug|iPhoneSimulator.Build.0 = Debug|Any CPU
		{ECE1677E-A092-434F-9CDF-2007F83DAB4D}.Debug|iPhoneSimulator.Deploy.0 = Debug|Any CPU
		{ECE1677E-A092-434F-9CDF-2007F83DAB4D}.Debug|x64.ActiveCfg = Debug|Any CPU
		{ECE1677E-A092-434F-9CDF-2007F83DAB4D}.Debug|x64.Build.0 = Debug|Any CPU
		{ECE1677E-A092-434F-9CDF-2007F83DAB4D}.Debug|x64.Deploy.0 = Debug|Any CPU
		{ECE1677E-A092-434F-9CDF-2007F83DAB4D}.Debug|x86.ActiveCfg = Debug|Any CPU
		{ECE1677E-A092-434F-9CDF-2007F83DAB4D}.Debug|x86.Build.0 = Debug|Any CPU
		{ECE1677E-A092-434F-9CDF-2007F83DAB4D}.Debug|x86.Deploy.0 = Debug|Any CPU
		{ECE1677E-A092-434F-9CDF-2007F83DAB4D}.Release|Any CPU.ActiveCfg = Release|Any CPU
		{ECE1677E-A092-434F-9CDF-2007F83DAB4D}.Release|Any CPU.Build.0 = Release|Any CPU
		{ECE1677E-A092-434F-9CDF-2007F83DAB4D}.Release|Any CPU.Deploy.0 = Release|Any CPU
		{ECE1677E-A092-434F-9CDF-2007F83DAB4D}.Release|ARM.ActiveCfg = Release|Any CPU
		{ECE1677E-A092-434F-9CDF-2007F83DAB4D}.Release|ARM.Build.0 = Release|Any CPU
		{ECE1677E-A092-434F-9CDF-2007F83DAB4D}.Release|ARM.Deploy.0 = Release|Any CPU
		{ECE1677E-A092-434F-9CDF-2007F83DAB4D}.Release|iPhone.ActiveCfg = Release|Any CPU
		{ECE1677E-A092-434F-9CDF-2007F83DAB4D}.Release|iPhone.Build.0 = Release|Any CPU
		{ECE1677E-A092-434F-9CDF-2007F83DAB4D}.Release|iPhone.Deploy.0 = Release|Any CPU
		{ECE1677E-A092-434F-9CDF-2007F83DAB4D}.Release|iPhoneSimulator.ActiveCfg = Release|Any CPU
		{ECE1677E-A092-434F-9CDF-2007F83DAB4D}.Release|iPhoneSimulator.Build.0 = Release|Any CPU
		{ECE1677E-A092-434F-9CDF-2007F83DAB4D}.Release|iPhoneSimulator.Deploy.0 = Release|Any CPU
		{ECE1677E-A092-434F-9CDF-2007F83DAB4D}.Release|x64.ActiveCfg = Release|Any CPU
		{ECE1677E-A092-434F-9CDF-2007F83DAB4D}.Release|x64.Build.0 = Release|Any CPU
		{ECE1677E-A092-434F-9CDF-2007F83DAB4D}.Release|x64.Deploy.0 = Release|Any CPU
		{ECE1677E-A092-434F-9CDF-2007F83DAB4D}.Release|x86.ActiveCfg = Release|Any CPU
		{ECE1677E-A092-434F-9CDF-2007F83DAB4D}.Release|x86.Build.0 = Release|Any CPU
		{ECE1677E-A092-434F-9CDF-2007F83DAB4D}.Release|x86.Deploy.0 = Release|Any CPU
	EndGlobalSection
	GlobalSection(SolutionProperties) = preSolution
		HideSolutionNode = FALSE
	EndGlobalSection
	GlobalSection(ExtensibilityGlobals) = postSolution
		SolutionGuid = {852DEA8B-D8E9-4D38-A2D3-E2018F79EF8E}
	EndGlobalSection
EndGlobal
